
Microsoft Visual Studio Solution File, Format Version 12.00
# Visual Studio Version 16
VisualStudioVersion = 16.0.33927.289
MinimumVisualStudioVersion = 10.0.40219.1
Project("{2150E333-8FDC-42A3-9474-1A3956D46DE8}") = "Task0", "Task0", "{E10CAE6F-4602-4BCC-9B86-71AFC92080BA}"
EndProject
Project("{FAE04EC0-301F-11D3-BF4B-00C04F79EFBC}") = "Tyuiu.GurevskayaVE.Sprint1.Task0.V26", "Tyuiu.GurevskayaVE.Sprint1.Task0.V0\Tyuiu.GurevskayaVE.Sprint1.Task0.V26.csproj", "{27DC4D3E-B615-4589-968B-5861020FDD70}"
EndProject
Project("{FAE04EC0-301F-11D3-BF4B-00C04F79EFBC}") = "Tyuiu.GurevskayaVE.Sprint1.Task0.V26.Test", "Tyuiu.GurevskayaVE.Sprint1.Task0.V0.Test\Tyuiu.GurevskayaVE.Sprint1.Task0.V26.Test.csproj", "{7040E1BE-FE26-4207-809E-8034DDDB5D86}"
EndProject
Project("{FAE04EC0-301F-11D3-BF4B-00C04F79EFBC}") = "Tyuiu.GurevskayaVE.Sprint1.Task0.V26.Lib", "Tyuiu.GurevskayaVE.Sprint1.Task0.V0.Lib\Tyuiu.GurevskayaVE.Sprint1.Task0.V26.Lib.csproj", "{95992BAC-FBF5-45A1-9664-46ED949F882E}"
EndProject
Project("{2150E333-8FDC-42A3-9474-1A3956D46DE8}") = "Task1", "Task1", "{ED574A40-C70E-45B8-882D-C4AB70C33BBE}"
EndProject
Project("{FAE04EC0-301F-11D3-BF4B-00C04F79EFBC}") = "Tyuiu.GurevskayaVE.Sprint1.Task1.V29", "Tyuiu.GurevskayaVE.Sprint1.Task1.V0\Tyuiu.GurevskayaVE.Sprint1.Task1.V29.csproj", "{A34A5B03-6AB5-44E4-B5FA-F44B5DD9090B}"
EndProject
Project("{FAE04EC0-301F-11D3-BF4B-00C04F79EFBC}") = "Tyuiu.GurevskayaVE.Sprint1.Task1.V29.Lib", "Tyuiu.GurevskayaVE.Sprint1.Task1.V0.Lib\Tyuiu.GurevskayaVE.Sprint1.Task1.V29.Lib.csproj", "{5A1B22E3-E352-4683-8FE1-D8D1311735FB}"
EndProject
Project("{FAE04EC0-301F-11D3-BF4B-00C04F79EFBC}") = "Tyuiu.GurevskayaVE.Sprint1.Task1.V29.Test", "Tyuiu.GurevskayaVE.Sprint1.Task1.V0.Test\Tyuiu.GurevskayaVE.Sprint1.Task1.V29.Test.csproj", "{75A088E1-D779-437C-834C-7CA21E658D45}"
EndProject
Project("{2150E333-8FDC-42A3-9474-1A3956D46DE8}") = "Task2", "Task2", "{3AA3C2C9-9C8C-4E99-86D3-A719C7F1EF8B}"
EndProject
Project("{FAE04EC0-301F-11D3-BF4B-00C04F79EFBC}") = "Tyuiu.GurevskayaVE.Sprint1.Task2.V20", "Tyuiu.GurevskayaVE.Sprint1.Task2.V20\Tyuiu.GurevskayaVE.Sprint1.Task2.V20.csproj", "{4DCBC4C9-CD59-4CC0-A5B3-5C4C4627883E}"
EndProject
Project("{FAE04EC0-301F-11D3-BF4B-00C04F79EFBC}") = "Tyuiu.GurevskayaVE.Sprint1.Task2.V20.Lib", "Tyuiu.GurevskayaVE.Sprint1.Task2.V20.Lib\Tyuiu.GurevskayaVE.Sprint1.Task2.V20.Lib.csproj", "{D6E545F1-337C-4C07-A0C8-1F18785D4148}"
EndProject
Project("{FAE04EC0-301F-11D3-BF4B-00C04F79EFBC}") = "Tyuiu.GurevskayaVE.Sprint1.Task2.V20.Test", "Tyuiu.GurevskayaVE.Sprint1.Task2.V20.Test\Tyuiu.GurevskayaVE.Sprint1.Task2.V20.Test.csproj", "{8FC68E83-9A16-45DD-8028-DBA1F04E8695}"
EndProject
Project("{2150E333-8FDC-42A3-9474-1A3956D46DE8}") = "Task3", "Task3", "{4A10E0C0-5C1D-4EB7-8143-F7A913C58D79}"
EndProject
Project("{FAE04EC0-301F-11D3-BF4B-00C04F79EFBC}") = "Tyuiu.GurevskayaVE.Sprint1.Task3.V9", "Tyuiu.GurevskayaVE.Sprint1.Task3.V9\Tyuiu.GurevskayaVE.Sprint1.Task3.V9.csproj", "{BA49C410-4BDF-4E36-AFB8-FDA439F2CDA4}"
EndProject
Project("{FAE04EC0-301F-11D3-BF4B-00C04F79EFBC}") = "Tyuiu.GurevskayaVE.Sprint1.Task3.V9.Test", "Tyuiu.GurevskayaVE.Sprint1.Task3.V9.Test\Tyuiu.GurevskayaVE.Sprint1.Task3.V9.Test.csproj", "{F91AC478-2CDD-439E-A51D-64F5C2710228}"
EndProject
Project("{FAE04EC0-301F-11D3-BF4B-00C04F79EFBC}") = "Tyuiu.GurevskayaVE.Sprint1.Task3.V9.Lib", "Tyuiu.GurevskayaVE.Sprint1.Task3.V9.Lib\Tyuiu.GurevskayaVE.Sprint1.Task3.V9.Lib.csproj", "{72DA5805-6BD2-4BF6-9500-FDC5FC31BFFD}"
EndProject
Project("{2150E333-8FDC-42A3-9474-1A3956D46DE8}") = "Task4", "Task4", "{6C2F0476-3A9A-4288-BA68-66173D65583C}"
EndProject
Project("{FAE04EC0-301F-11D3-BF4B-00C04F79EFBC}") = "Tyuiu.GurevskayaVE.Sprint1.Task4.V28", "Tyuiu.GurevskayaVE.Sprint1.Task4.V28\Tyuiu.GurevskayaVE.Sprint1.Task4.V28.csproj", "{89B9D375-EA41-4250-8522-AAB3507DFF8A}"
EndProject
Project("{FAE04EC0-301F-11D3-BF4B-00C04F79EFBC}") = "Tyuiu.GurevskayaVE.Sprint1.Task4.V28.Lib", "Tyuiu.GurevskayaVE.Sprint1.Task4.V28.Lib\Tyuiu.GurevskayaVE.Sprint1.Task4.V28.Lib.csproj", "{1270353A-B6A1-4A46-A47A-85C46894483B}"
EndProject
Project("{FAE04EC0-301F-11D3-BF4B-00C04F79EFBC}") = "Tyuiu.GurevskayaVE.Sprint1.Task4.V28.Test", "Tyuiu.GurevskayaVE.Sprint1.Task4.V28.Test\Tyuiu.GurevskayaVE.Sprint1.Task4.V28.Test.csproj", "{E20CAA4A-08F2-4F89-B128-12042342A992}"
EndProject
Project("{2150E333-8FDC-42A3-9474-1A3956D46DE8}") = "Task5", "Task5", "{A895F79C-B2AE-4F20-8569-0DC900FD61AF}"
EndProject
Project("{FAE04EC0-301F-11D3-BF4B-00C04F79EFBC}") = "Tyuiu.GurevskayaVE.Sprint1.Task5.V5", "Tyuiu.GurevskayaVE.Sprint1.Task5.V5\Tyuiu.GurevskayaVE.Sprint1.Task5.V5.csproj", "{7A6989BC-A50C-427D-90FF-DF21D7C4155D}"
EndProject
Project("{FAE04EC0-301F-11D3-BF4B-00C04F79EFBC}") = "Tyuiu.GurevskayaVE.Sprint1.Task5.V5.Test", "Tyuiu.GurevskayaVE.Sprint1.Task5.V5.Test\Tyuiu.GurevskayaVE.Sprint1.Task5.V5.Test.csproj", "{F3B2BC4C-DB99-49D0-BC33-9A97CB08EC2D}"
EndProject
Project("{FAE04EC0-301F-11D3-BF4B-00C04F79EFBC}") = "Tyuiu.GurevskayaVE.Sprint1.Task5.V5.Lib", "Tyuiu.GurevskayaVE.Sprint1.Task5.V5.Lib\Tyuiu.GurevskayaVE.Sprint1.Task5.V5.Lib.csproj", "{70990D3B-90A9-456B-A066-AD96147893AC}"
EndProject
Project("{2150E333-8FDC-42A3-9474-1A3956D46DE8}") = "Task6", "Task6", "{6C82DC7E-F80A-4C2B-9F8D-4E6F04CA182D}"
EndProject
Project("{FAE04EC0-301F-11D3-BF4B-00C04F79EFBC}") = "Tyuiu.GurevskayaVE.Sprint1.Task6.V1", "Tyuiu.GurevskayaVE.Sprint1.Task6.V1\Tyuiu.GurevskayaVE.Sprint1.Task6.V1.csproj", "{662A7CBD-5709-4558-8A6C-27C29ED916EE}"
EndProject
Project("{FAE04EC0-301F-11D3-BF4B-00C04F79EFBC}") = "Tyuiu.GurevskayaVE.Sprint1.Task6.V1.Lib", "Tyuiu.GurevskayaVE.Sprint1.Task6.V1.Lib\Tyuiu.GurevskayaVE.Sprint1.Task6.V1.Lib.csproj", "{F4526C3C-AA05-4E2D-8B0D-ED90E36E5216}"
EndProject
Project("{FAE04EC0-301F-11D3-BF4B-00C04F79EFBC}") = "Tyuiu.GurevskayaVE.Sprint1.Task6.V1.Test", "Tyuiu.GurevskayaVE.Sprint1.Task6.V1.Test\Tyuiu.GurevskayaVE.Sprint1.Task6.V1.Test.csproj", "{2F04E77B-8E5F-41AA-8BB4-2EB5910F504E}"
EndProject
Project("{2150E333-8FDC-42A3-9474-1A3956D46DE8}") = "Task7", "Task7", "{73EE5F5E-34B2-409D-916B-12B2AEF498DD}"
EndProject
Project("{FAE04EC0-301F-11D3-BF4B-00C04F79EFBC}") = "Tyuiu.GurevskayaVE.Sprint1.Task7.V7", "Tyuiu.GurevskayaVE.Sprint1.Task7.V7\Tyuiu.GurevskayaVE.Sprint1.Task7.V7.csproj", "{97D95085-58C1-4AEA-8640-AE7FF76255B8}"
EndProject
Project("{FAE04EC0-301F-11D3-BF4B-00C04F79EFBC}") = "Tyuiu.GurevskayaVE.Sprint1.Task7.V7.Test", "Tyuiu.GurevskayaVE.Sprint1.Task7.V7.Test\Tyuiu.GurevskayaVE.Sprint1.Task7.V7.Test.csproj", "{5F4AEF4C-E87C-4A64-9DF4-D66037539BD1}"
EndProject
Project("{FAE04EC0-301F-11D3-BF4B-00C04F79EFBC}") = "Tyuiu.GurevskayaVE.Sprint1.Task7.V7.Lib", "Tyuiu.GurevskayaVE.Sprint1.Task7.V7.Lib\Tyuiu.GurevskayaVE.Sprint1.Task7.V7.Lib.csproj", "{A386D807-331E-4221-8A72-89B25FD66184}"
EndProject
Global
	GlobalSection(SolutionConfigurationPlatforms) = preSolution
		Debug|Any CPU = Debug|Any CPU
		Release|Any CPU = Release|Any CPU
	EndGlobalSection
	GlobalSection(ProjectConfigurationPlatforms) = postSolution
		{27DC4D3E-B615-4589-968B-5861020FDD70}.Debug|Any CPU.ActiveCfg = Debug|Any CPU
		{27DC4D3E-B615-4589-968B-5861020FDD70}.Debug|Any CPU.Build.0 = Debug|Any CPU
		{27DC4D3E-B615-4589-968B-5861020FDD70}.Release|Any CPU.ActiveCfg = Release|Any CPU
		{27DC4D3E-B615-4589-968B-5861020FDD70}.Release|Any CPU.Build.0 = Release|Any CPU
		{7040E1BE-FE26-4207-809E-8034DDDB5D86}.Debug|Any CPU.ActiveCfg = Debug|Any CPU
		{7040E1BE-FE26-4207-809E-8034DDDB5D86}.Debug|Any CPU.Build.0 = Debug|Any CPU
		{7040E1BE-FE26-4207-809E-8034DDDB5D86}.Release|Any CPU.ActiveCfg = Release|Any CPU
		{7040E1BE-FE26-4207-809E-8034DDDB5D86}.Release|Any CPU.Build.0 = Release|Any CPU
		{95992BAC-FBF5-45A1-9664-46ED949F882E}.Debug|Any CPU.ActiveCfg = Debug|Any CPU
		{95992BAC-FBF5-45A1-9664-46ED949F882E}.Debug|Any CPU.Build.0 = Debug|Any CPU
		{95992BAC-FBF5-45A1-9664-46ED949F882E}.Release|Any CPU.ActiveCfg = Release|Any CPU
		{95992BAC-FBF5-45A1-9664-46ED949F882E}.Release|Any CPU.Build.0 = Release|Any CPU
		{A34A5B03-6AB5-44E4-B5FA-F44B5DD9090B}.Debug|Any CPU.ActiveCfg = Debug|Any CPU
		{A34A5B03-6AB5-44E4-B5FA-F44B5DD9090B}.Debug|Any CPU.Build.0 = Debug|Any CPU
		{A34A5B03-6AB5-44E4-B5FA-F44B5DD9090B}.Release|Any CPU.ActiveCfg = Release|Any CPU
		{A34A5B03-6AB5-44E4-B5FA-F44B5DD9090B}.Release|Any CPU.Build.0 = Release|Any CPU
		{5A1B22E3-E352-4683-8FE1-D8D1311735FB}.Debug|Any CPU.ActiveCfg = Debug|Any CPU
		{5A1B22E3-E352-4683-8FE1-D8D1311735FB}.Debug|Any CPU.Build.0 = Debug|Any CPU
		{5A1B22E3-E352-4683-8FE1-D8D1311735FB}.Release|Any CPU.ActiveCfg = Release|Any CPU
		{5A1B22E3-E352-4683-8FE1-D8D1311735FB}.Release|Any CPU.Build.0 = Release|Any CPU
		{75A088E1-D779-437C-834C-7CA21E658D45}.Debug|Any CPU.ActiveCfg = Debug|Any CPU
		{75A088E1-D779-437C-834C-7CA21E658D45}.Debug|Any CPU.Build.0 = Debug|Any CPU
		{75A088E1-D779-437C-834C-7CA21E658D45}.Release|Any CPU.ActiveCfg = Release|Any CPU
		{75A088E1-D779-437C-834C-7CA21E658D45}.Release|Any CPU.Build.0 = Release|Any CPU
		{4DCBC4C9-CD59-4CC0-A5B3-5C4C4627883E}.Debug|Any CPU.ActiveCfg = Debug|Any CPU
		{4DCBC4C9-CD59-4CC0-A5B3-5C4C4627883E}.Debug|Any CPU.Build.0 = Debug|Any CPU
		{4DCBC4C9-CD59-4CC0-A5B3-5C4C4627883E}.Release|Any CPU.ActiveCfg = Release|Any CPU
		{4DCBC4C9-CD59-4CC0-A5B3-5C4C4627883E}.Release|Any CPU.Build.0 = Release|Any CPU
		{D6E545F1-337C-4C07-A0C8-1F18785D4148}.Debug|Any CPU.ActiveCfg = Debug|Any CPU
		{D6E545F1-337C-4C07-A0C8-1F18785D4148}.Debug|Any CPU.Build.0 = Debug|Any CPU
		{D6E545F1-337C-4C07-A0C8-1F18785D4148}.Release|Any CPU.ActiveCfg = Release|Any CPU
		{D6E545F1-337C-4C07-A0C8-1F18785D4148}.Release|Any CPU.Build.0 = Release|Any CPU
		{8FC68E83-9A16-45DD-8028-DBA1F04E8695}.Debug|Any CPU.ActiveCfg = Debug|Any CPU
		{8FC68E83-9A16-45DD-8028-DBA1F04E8695}.Debug|Any CPU.Build.0 = Debug|Any CPU
		{8FC68E83-9A16-45DD-8028-DBA1F04E8695}.Release|Any CPU.ActiveCfg = Release|Any CPU
		{8FC68E83-9A16-45DD-8028-DBA1F04E8695}.Release|Any CPU.Build.0 = Release|Any CPU
		{BA49C410-4BDF-4E36-AFB8-FDA439F2CDA4}.Debug|Any CPU.ActiveCfg = Debug|Any CPU
		{BA49C410-4BDF-4E36-AFB8-FDA439F2CDA4}.Debug|Any CPU.Build.0 = Debug|Any CPU
		{BA49C410-4BDF-4E36-AFB8-FDA439F2CDA4}.Release|Any CPU.ActiveCfg = Release|Any CPU
		{BA49C410-4BDF-4E36-AFB8-FDA439F2CDA4}.Release|Any CPU.Build.0 = Release|Any CPU
		{F91AC478-2CDD-439E-A51D-64F5C2710228}.Debug|Any CPU.ActiveCfg = Debug|Any CPU
		{F91AC478-2CDD-439E-A51D-64F5C2710228}.Debug|Any CPU.Build.0 = Debug|Any CPU
		{F91AC478-2CDD-439E-A51D-64F5C2710228}.Release|Any CPU.ActiveCfg = Release|Any CPU
		{F91AC478-2CDD-439E-A51D-64F5C2710228}.Release|Any CPU.Build.0 = Release|Any CPU
		{72DA5805-6BD2-4BF6-9500-FDC5FC31BFFD}.Debug|Any CPU.ActiveCfg = Debug|Any CPU
		{72DA5805-6BD2-4BF6-9500-FDC5FC31BFFD}.Debug|Any CPU.Build.0 = Debug|Any CPU
		{72DA5805-6BD2-4BF6-9500-FDC5FC31BFFD}.Release|Any CPU.ActiveCfg = Release|Any CPU
		{72DA5805-6BD2-4BF6-9500-FDC5FC31BFFD}.Release|Any CPU.Build.0 = Release|Any CPU
		{89B9D375-EA41-4250-8522-AAB3507DFF8A}.Debug|Any CPU.ActiveCfg = Debug|Any CPU
		{89B9D375-EA41-4250-8522-AAB3507DFF8A}.Debug|Any CPU.Build.0 = Debug|Any CPU
		{89B9D375-EA41-4250-8522-AAB3507DFF8A}.Release|Any CPU.ActiveCfg = Release|Any CPU
		{89B9D375-EA41-4250-8522-AAB3507DFF8A}.Release|Any CPU.Build.0 = Release|Any CPU
		{1270353A-B6A1-4A46-A47A-85C46894483B}.Debug|Any CPU.ActiveCfg = Debug|Any CPU
		{1270353A-B6A1-4A46-A47A-85C46894483B}.Debug|Any CPU.Build.0 = Debug|Any CPU
		{1270353A-B6A1-4A46-A47A-85C46894483B}.Release|Any CPU.ActiveCfg = Release|Any CPU
		{1270353A-B6A1-4A46-A47A-85C46894483B}.Release|Any CPU.Build.0 = Release|Any CPU
		{E20CAA4A-08F2-4F89-B128-12042342A992}.Debug|Any CPU.ActiveCfg = Debug|Any CPU
		{E20CAA4A-08F2-4F89-B128-12042342A992}.Debug|Any CPU.Build.0 = Debug|Any CPU
		{E20CAA4A-08F2-4F89-B128-12042342A992}.Release|Any CPU.ActiveCfg = Release|Any CPU
		{E20CAA4A-08F2-4F89-B128-12042342A992}.Release|Any CPU.Build.0 = Release|Any CPU
		{7A6989BC-A50C-427D-90FF-DF21D7C4155D}.Debug|Any CPU.ActiveCfg = Debug|Any CPU
		{7A6989BC-A50C-427D-90FF-DF21D7C4155D}.Debug|Any CPU.Build.0 = Debug|Any CPU
		{7A6989BC-A50C-427D-90FF-DF21D7C4155D}.Release|Any CPU.ActiveCfg = Release|Any CPU
		{7A6989BC-A50C-427D-90FF-DF21D7C4155D}.Release|Any CPU.Build.0 = Release|Any CPU
		{F3B2BC4C-DB99-49D0-BC33-9A97CB08EC2D}.Debug|Any CPU.ActiveCfg = Debug|Any CPU
		{F3B2BC4C-DB99-49D0-BC33-9A97CB08EC2D}.Debug|Any CPU.Build.0 = Debug|Any CPU
		{F3B2BC4C-DB99-49D0-BC33-9A97CB08EC2D}.Release|Any CPU.ActiveCfg = Release|Any CPU
		{F3B2BC4C-DB99-49D0-BC33-9A97CB08EC2D}.Release|Any CPU.Build.0 = Release|Any CPU
		{70990D3B-90A9-456B-A066-AD96147893AC}.Debug|Any CPU.ActiveCfg = Debug|Any CPU
		{70990D3B-90A9-456B-A066-AD96147893AC}.Debug|Any CPU.Build.0 = Debug|Any CPU
		{70990D3B-90A9-456B-A066-AD96147893AC}.Release|Any CPU.ActiveCfg = Release|Any CPU
		{70990D3B-90A9-456B-A066-AD96147893AC}.Release|Any CPU.Build.0 = Release|Any CPU
		{662A7CBD-5709-4558-8A6C-27C29ED916EE}.Debug|Any CPU.ActiveCfg = Debug|Any CPU
		{662A7CBD-5709-4558-8A6C-27C29ED916EE}.Debug|Any CPU.Build.0 = Debug|Any CPU
		{662A7CBD-5709-4558-8A6C-27C29ED916EE}.Release|Any CPU.ActiveCfg = Release|Any CPU
		{662A7CBD-5709-4558-8A6C-27C29ED916EE}.Release|Any CPU.Build.0 = Release|Any CPU
		{F4526C3C-AA05-4E2D-8B0D-ED90E36E5216}.Debug|Any CPU.ActiveCfg = Debug|Any CPU
		{F4526C3C-AA05-4E2D-8B0D-ED90E36E5216}.Debug|Any CPU.Build.0 = Debug|Any CPU
		{F4526C3C-AA05-4E2D-8B0D-ED90E36E5216}.Release|Any CPU.ActiveCfg = Release|Any CPU
		{F4526C3C-AA05-4E2D-8B0D-ED90E36E5216}.Release|Any CPU.Build.0 = Release|Any CPU
		{2F04E77B-8E5F-41AA-8BB4-2EB5910F504E}.Debug|Any CPU.ActiveCfg = Debug|Any CPU
		{2F04E77B-8E5F-41AA-8BB4-2EB5910F504E}.Debug|Any CPU.Build.0 = Debug|Any CPU
		{2F04E77B-8E5F-41AA-8BB4-2EB5910F504E}.Release|Any CPU.ActiveCfg = Release|Any CPU
		{2F04E77B-8E5F-41AA-8BB4-2EB5910F504E}.Release|Any CPU.Build.0 = Release|Any CPU
		{97D95085-58C1-4AEA-8640-AE7FF76255B8}.Debug|Any CPU.ActiveCfg = Debug|Any CPU
		{97D95085-58C1-4AEA-8640-AE7FF76255B8}.Debug|Any CPU.Build.0 = Debug|Any CPU
		{97D95085-58C1-4AEA-8640-AE7FF76255B8}.Release|Any CPU.ActiveCfg = Release|Any CPU
		{97D95085-58C1-4AEA-8640-AE7FF76255B8}.Release|Any CPU.Build.0 = Release|Any CPU
		{5F4AEF4C-E87C-4A64-9DF4-D66037539BD1}.Debug|Any CPU.ActiveCfg = Debug|Any CPU
		{5F4AEF4C-E87C-4A64-9DF4-D66037539BD1}.Debug|Any CPU.Build.0 = Debug|Any CPU
		{5F4AEF4C-E87C-4A64-9DF4-D66037539BD1}.Release|Any CPU.ActiveCfg = Release|Any CPU
		{5F4AEF4C-E87C-4A64-9DF4-D66037539BD1}.Release|Any CPU.Build.0 = Release|Any CPU
		{A386D807-331E-4221-8A72-89B25FD66184}.Debug|Any CPU.ActiveCfg = Debug|Any CPU
		{A386D807-331E-4221-8A72-89B25FD66184}.Debug|Any CPU.Build.0 = Debug|Any CPU
		{A386D807-331E-4221-8A72-89B25FD66184}.Release|Any CPU.ActiveCfg = Release|Any CPU
		{A386D807-331E-4221-8A72-89B25FD66184}.Release|Any CPU.Build.0 = Release|Any CPU
	EndGlobalSection
	GlobalSection(SolutionProperties) = preSolution
		HideSolutionNode = FALSE
	EndGlobalSection
	GlobalSection(NestedProjects) = preSolution
		{27DC4D3E-B615-4589-968B-5861020FDD70} = {E10CAE6F-4602-4BCC-9B86-71AFC92080BA}
		{7040E1BE-FE26-4207-809E-8034DDDB5D86} = {E10CAE6F-4602-4BCC-9B86-71AFC92080BA}
		{95992BAC-FBF5-45A1-9664-46ED949F882E} = {E10CAE6F-4602-4BCC-9B86-71AFC92080BA}
		{A34A5B03-6AB5-44E4-B5FA-F44B5DD9090B} = {ED574A40-C70E-45B8-882D-C4AB70C33BBE}
		{5A1B22E3-E352-4683-8FE1-D8D1311735FB} = {ED574A40-C70E-45B8-882D-C4AB70C33BBE}
		{75A088E1-D779-437C-834C-7CA21E658D45} = {ED574A40-C70E-45B8-882D-C4AB70C33BBE}
		{4DCBC4C9-CD59-4CC0-A5B3-5C4C4627883E} = {3AA3C2C9-9C8C-4E99-86D3-A719C7F1EF8B}
		{D6E545F1-337C-4C07-A0C8-1F18785D4148} = {3AA3C2C9-9C8C-4E99-86D3-A719C7F1EF8B}
		{8FC68E83-9A16-45DD-8028-DBA1F04E8695} = {3AA3C2C9-9C8C-4E99-86D3-A719C7F1EF8B}
		{BA49C410-4BDF-4E36-AFB8-FDA439F2CDA4} = {4A10E0C0-5C1D-4EB7-8143-F7A913C58D79}
		{F91AC478-2CDD-439E-A51D-64F5C2710228} = {4A10E0C0-5C1D-4EB7-8143-F7A913C58D79}
		{72DA5805-6BD2-4BF6-9500-FDC5FC31BFFD} = {4A10E0C0-5C1D-4EB7-8143-F7A913C58D79}
		{89B9D375-EA41-4250-8522-AAB3507DFF8A} = {6C2F0476-3A9A-4288-BA68-66173D65583C}
		{1270353A-B6A1-4A46-A47A-85C46894483B} = {6C2F0476-3A9A-4288-BA68-66173D65583C}
		{E20CAA4A-08F2-4F89-B128-12042342A992} = {6C2F0476-3A9A-4288-BA68-66173D65583C}
		{7A6989BC-A50C-427D-90FF-DF21D7C4155D} = {A895F79C-B2AE-4F20-8569-0DC900FD61AF}
		{F3B2BC4C-DB99-49D0-BC33-9A97CB08EC2D} = {A895F79C-B2AE-4F20-8569-0DC900FD61AF}
		{70990D3B-90A9-456B-A066-AD96147893AC} = {A895F79C-B2AE-4F20-8569-0DC900FD61AF}
		{662A7CBD-5709-4558-8A6C-27C29ED916EE} = {6C82DC7E-F80A-4C2B-9F8D-4E6F04CA182D}
		{F4526C3C-AA05-4E2D-8B0D-ED90E36E5216} = {6C82DC7E-F80A-4C2B-9F8D-4E6F04CA182D}
		{2F04E77B-8E5F-41AA-8BB4-2EB5910F504E} = {6C82DC7E-F80A-4C2B-9F8D-4E6F04CA182D}
		{97D95085-58C1-4AEA-8640-AE7FF76255B8} = {73EE5F5E-34B2-409D-916B-12B2AEF498DD}
		{5F4AEF4C-E87C-4A64-9DF4-D66037539BD1} = {73EE5F5E-34B2-409D-916B-12B2AEF498DD}
		{A386D807-331E-4221-8A72-89B25FD66184} = {73EE5F5E-34B2-409D-916B-12B2AEF498DD}
	EndGlobalSection
	GlobalSection(ExtensibilityGlobals) = postSolution
		SolutionGuid = {E67EB13C-52FB-4FEE-B346-B0FECB87AD8E}
	EndGlobalSection
EndGlobal
